
Microsoft Visual Studio Solution File, Format Version 12.00
# Visual Studio Version 17
VisualStudioVersion = 17.7.34202.233
MinimumVisualStudioVersion = 10.0.40219.1
Project("{9A19103F-16F7-4668-BE54-9A1E7A4F7556}") = "BidCalculatorRest", "BidCalculatorRest\BidCalculatorRest.csproj", "{F3C3255A-7B5B-411C-8212-81F4ECEF31E9}"
EndProject
Project("{FAE04EC0-301F-11D3-BF4B-00C04F79EFBC}") = "BidCalculatorTests", "BidCalculatorTests\BidCalculatorTests.csproj", "{7CCB01C9-6CF9-4EAC-8E6A-00A842993A97}"
EndProject
Global
	GlobalSection(SolutionConfigurationPlatforms) = preSolution
		Debug|Any CPU = Debug|Any CPU
		Release|Any CPU = Release|Any CPU
	EndGlobalSection
	GlobalSection(ProjectConfigurationPlatforms) = postSolution
		{F3C3255A-7B5B-411C-8212-81F4ECEF31E9}.Debug|Any CPU.ActiveCfg = Debug|Any CPU
		{F3C3255A-7B5B-411C-8212-81F4ECEF31E9}.Debug|Any CPU.Build.0 = Debug|Any CPU
		{F3C3255A-7B5B-411C-8212-81F4ECEF31E9}.Release|Any CPU.ActiveCfg = Release|Any CPU
		{F3C3255A-7B5B-411C-8212-81F4ECEF31E9}.Release|Any CPU.Build.0 = Release|Any CPU
		{7CCB01C9-6CF9-4EAC-8E6A-00A842993A97}.Debug|Any CPU.ActiveCfg = Debug|Any CPU
		{7CCB01C9-6CF9-4EAC-8E6A-00A842993A97}.Debug|Any CPU.Build.0 = Debug|Any CPU
		{7CCB01C9-6CF9-4EAC-8E6A-00A842993A97}.Release|Any CPU.ActiveCfg = Release|Any CPU
		{7CCB01C9-6CF9-4EAC-8E6A-00A842993A97}.Release|Any CPU.Build.0 = Release|Any CPU
	EndGlobalSection
	GlobalSection(SolutionProperties) = preSolution
		HideSolutionNode = FALSE
	EndGlobalSection
	GlobalSection(ExtensibilityGlobals) = postSolution
		SolutionGuid = {46FC4AFD-4656-4182-BDA2-642793AAEFBF}
	EndGlobalSection
EndGlobal
